
Microsoft Visual Studio Solution File, Format Version 12.00
# Visual Studio Version 17
VisualStudioVersion = 17.11.35312.102
MinimumVisualStudioVersion = 10.0.40219.1
Project("{FAE04EC0-301F-11D3-BF4B-00C04F79EFBC}") = "ParralelDz", "ParralelDz.csproj", "{B40E3C58-0238-49BB-9DF8-0AC717A77B33}"
EndProject
Global
	GlobalSection(SolutionConfigurationPlatforms) = preSolution
		Debug|Any CPU = Debug|Any CPU
		Release|Any CPU = Release|Any CPU
	EndGlobalSection
	GlobalSection(ProjectConfigurationPlatforms) = postSolution
		{B40E3C58-0238-49BB-9DF8-0AC717A77B33}.Debug|Any CPU.ActiveCfg = Debug|Any CPU
		{B40E3C58-0238-49BB-9DF8-0AC717A77B33}.Debug|Any CPU.Build.0 = Debug|Any CPU
		{B40E3C58-0238-49BB-9DF8-0AC717A77B33}.Release|Any CPU.ActiveCfg = Release|Any CPU
		{B40E3C58-0238-49BB-9DF8-0AC717A77B33}.Release|Any CPU.Build.0 = Release|Any CPU
	EndGlobalSection
	GlobalSection(SolutionProperties) = preSolution
		HideSolutionNode = FALSE
	EndGlobalSection
	GlobalSection(ExtensibilityGlobals) = postSolution
		SolutionGuid = {7483B457-E94B-45EA-9BC1-7A11BED65C90}
	EndGlobalSection
EndGlobal
